
Microsoft Visual Studio Solution File, Format Version 12.00
# Visual Studio 14
VisualStudioVersion = 14.0.25123.0
MinimumVisualStudioVersion = 10.0.40219.1
Project("{FAE04EC0-301F-11D3-BF4B-00C04F79EFBC}") = "MacroControleFinanceiro.Domain", "MacroControleFinanceiro\app\MacroControleFinanceiro.Domain\MacroControleFinanceiro.Domain.csproj", "{E0352223-3111-4650-9645-EFF6A6B23CF5}"
EndProject
Project("{FAE04EC0-301F-11D3-BF4B-00C04F79EFBC}") = "MacroControleFinanceiro.Infra", "MacroControleFinanceiro\app\MacroControleFinanceiro.Infra\MacroControleFinanceiro.Infra.csproj", "{145FAFFF-6460-4AC2-8F2B-4A62C08A97F4}"
EndProject
Project("{FAE04EC0-301F-11D3-BF4B-00C04F79EFBC}") = "MacroControleFinanceiro.Resource", "MacroControleFinanceiro\app\MacroControleFinanceiro.Resource\MacroControleFinanceiro.Resource.csproj", "{54FC8555-1ABE-45EE-988A-74B73B6F0BFA}"
EndProject
Project("{FAE04EC0-301F-11D3-BF4B-00C04F79EFBC}") = "MacroControleFinanceiro.ConsoleTest", "MacroControleFinanceiro\app\MacroControleFinanceiro.Console\MacroControleFinanceiro.ConsoleTest.csproj", "{0C45DC59-990C-4AB7-A1BD-9AAB80B2939A}"
EndProject
Project("{FAE04EC0-301F-11D3-BF4B-00C04F79EFBC}") = "MacroControleFinanceiro.Startup", "MacroControleFinanceiro\app\MacroControleFinanceiro.Startup\MacroControleFinanceiro.Startup.csproj", "{68124864-4C3A-4C2A-9FB1-BF4EA3B8362D}"
EndProject
Project("{FAE04EC0-301F-11D3-BF4B-00C04F79EFBC}") = "MacroControleFinanceiro.Business", "MacroControleFinanceiro\app\MacroControleFinanceiro.Business\MacroControleFinanceiro.Business.csproj", "{126D4324-2B1E-4777-AA1A-43B20FA22651}"
EndProject
Project("{FAE04EC0-301F-11D3-BF4B-00C04F79EFBC}") = "MacroControleFinanceiro.Api", "MacroControleFinanceiro\app\MacroControleFinanceiro.Api\MacroControleFinanceiro.Api.csproj", "{B84C82A1-EB9D-46F4-8172-FF5E809922A7}"
EndProject
Global
	GlobalSection(SolutionConfigurationPlatforms) = preSolution
		Debug|Android = Debug|Android
		Debug|Any CPU = Debug|Any CPU
		Debug|iOS = Debug|iOS
		Debug|Windows Phone (Universal) = Debug|Windows Phone (Universal)
		Debug|Windows Phone 8 = Debug|Windows Phone 8
		Debug|Windows-AnyCPU = Debug|Windows-AnyCPU
		Debug|Windows-ARM = Debug|Windows-ARM
		Debug|Windows-x64 = Debug|Windows-x64
		Debug|Windows-x86 = Debug|Windows-x86
		Release|Android = Release|Android
		Release|Any CPU = Release|Any CPU
		Release|iOS = Release|iOS
		Release|Windows Phone (Universal) = Release|Windows Phone (Universal)
		Release|Windows Phone 8 = Release|Windows Phone 8
		Release|Windows-AnyCPU = Release|Windows-AnyCPU
		Release|Windows-ARM = Release|Windows-ARM
		Release|Windows-x64 = Release|Windows-x64
		Release|Windows-x86 = Release|Windows-x86
	EndGlobalSection
	GlobalSection(ProjectConfigurationPlatforms) = postSolution
		{E0352223-3111-4650-9645-EFF6A6B23CF5}.Debug|Android.ActiveCfg = Debug|Any CPU
		{E0352223-3111-4650-9645-EFF6A6B23CF5}.Debug|Android.Build.0 = Debug|Any CPU
		{E0352223-3111-4650-9645-EFF6A6B23CF5}.Debug|Any CPU.ActiveCfg = Debug|Any CPU
		{E0352223-3111-4650-9645-EFF6A6B23CF5}.Debug|Any CPU.Build.0 = Debug|Any CPU
		{E0352223-3111-4650-9645-EFF6A6B23CF5}.Debug|iOS.ActiveCfg = Debug|Any CPU
		{E0352223-3111-4650-9645-EFF6A6B23CF5}.Debug|iOS.Build.0 = Debug|Any CPU
		{E0352223-3111-4650-9645-EFF6A6B23CF5}.Debug|Windows Phone (Universal).ActiveCfg = Debug|Any CPU
		{E0352223-3111-4650-9645-EFF6A6B23CF5}.Debug|Windows Phone (Universal).Build.0 = Debug|Any CPU
		{E0352223-3111-4650-9645-EFF6A6B23CF5}.Debug|Windows Phone 8.ActiveCfg = Debug|Any CPU
		{E0352223-3111-4650-9645-EFF6A6B23CF5}.Debug|Windows Phone 8.Build.0 = Debug|Any CPU
		{E0352223-3111-4650-9645-EFF6A6B23CF5}.Debug|Windows-AnyCPU.ActiveCfg = Debug|Any CPU
		{E0352223-3111-4650-9645-EFF6A6B23CF5}.Debug|Windows-AnyCPU.Build.0 = Debug|Any CPU
		{E0352223-3111-4650-9645-EFF6A6B23CF5}.Debug|Windows-ARM.ActiveCfg = Debug|Any CPU
		{E0352223-3111-4650-9645-EFF6A6B23CF5}.Debug|Windows-ARM.Build.0 = Debug|Any CPU
		{E0352223-3111-4650-9645-EFF6A6B23CF5}.Debug|Windows-x64.ActiveCfg = Debug|Any CPU
		{E0352223-3111-4650-9645-EFF6A6B23CF5}.Debug|Windows-x64.Build.0 = Debug|Any CPU
		{E0352223-3111-4650-9645-EFF6A6B23CF5}.Debug|Windows-x86.ActiveCfg = Debug|Any CPU
		{E0352223-3111-4650-9645-EFF6A6B23CF5}.Debug|Windows-x86.Build.0 = Debug|Any CPU
		{E0352223-3111-4650-9645-EFF6A6B23CF5}.Release|Android.ActiveCfg = Release|Any CPU
		{E0352223-3111-4650-9645-EFF6A6B23CF5}.Release|Android.Build.0 = Release|Any CPU
		{E0352223-3111-4650-9645-EFF6A6B23CF5}.Release|Any CPU.ActiveCfg = Release|Any CPU
		{E0352223-3111-4650-9645-EFF6A6B23CF5}.Release|Any CPU.Build.0 = Release|Any CPU
		{E0352223-3111-4650-9645-EFF6A6B23CF5}.Release|iOS.ActiveCfg = Release|Any CPU
		{E0352223-3111-4650-9645-EFF6A6B23CF5}.Release|iOS.Build.0 = Release|Any CPU
		{E0352223-3111-4650-9645-EFF6A6B23CF5}.Release|Windows Phone (Universal).ActiveCfg = Release|Any CPU
		{E0352223-3111-4650-9645-EFF6A6B23CF5}.Release|Windows Phone (Universal).Build.0 = Release|Any CPU
		{E0352223-3111-4650-9645-EFF6A6B23CF5}.Release|Windows Phone 8.ActiveCfg = Release|Any CPU
		{E0352223-3111-4650-9645-EFF6A6B23CF5}.Release|Windows Phone 8.Build.0 = Release|Any CPU
		{E0352223-3111-4650-9645-EFF6A6B23CF5}.Release|Windows-AnyCPU.ActiveCfg = Release|Any CPU
		{E0352223-3111-4650-9645-EFF6A6B23CF5}.Release|Windows-AnyCPU.Build.0 = Release|Any CPU
		{E0352223-3111-4650-9645-EFF6A6B23CF5}.Release|Windows-ARM.ActiveCfg = Release|Any CPU
		{E0352223-3111-4650-9645-EFF6A6B23CF5}.Release|Windows-ARM.Build.0 = Release|Any CPU
		{E0352223-3111-4650-9645-EFF6A6B23CF5}.Release|Windows-x64.ActiveCfg = Release|Any CPU
		{E0352223-3111-4650-9645-EFF6A6B23CF5}.Release|Windows-x64.Build.0 = Release|Any CPU
		{E0352223-3111-4650-9645-EFF6A6B23CF5}.Release|Windows-x86.ActiveCfg = Release|Any CPU
		{E0352223-3111-4650-9645-EFF6A6B23CF5}.Release|Windows-x86.Build.0 = Release|Any CPU
		{145FAFFF-6460-4AC2-8F2B-4A62C08A97F4}.Debug|Android.ActiveCfg = Debug|Any CPU
		{145FAFFF-6460-4AC2-8F2B-4A62C08A97F4}.Debug|Android.Build.0 = Debug|Any CPU
		{145FAFFF-6460-4AC2-8F2B-4A62C08A97F4}.Debug|Any CPU.ActiveCfg = Debug|Any CPU
		{145FAFFF-6460-4AC2-8F2B-4A62C08A97F4}.Debug|Any CPU.Build.0 = Debug|Any CPU
		{145FAFFF-6460-4AC2-8F2B-4A62C08A97F4}.Debug|iOS.ActiveCfg = Debug|Any CPU
		{145FAFFF-6460-4AC2-8F2B-4A62C08A97F4}.Debug|iOS.Build.0 = Debug|Any CPU
		{145FAFFF-6460-4AC2-8F2B-4A62C08A97F4}.Debug|Windows Phone (Universal).ActiveCfg = Debug|Any CPU
		{145FAFFF-6460-4AC2-8F2B-4A62C08A97F4}.Debug|Windows Phone (Universal).Build.0 = Debug|Any CPU
		{145FAFFF-6460-4AC2-8F2B-4A62C08A97F4}.Debug|Windows Phone 8.ActiveCfg = Debug|Any CPU
		{145FAFFF-6460-4AC2-8F2B-4A62C08A97F4}.Debug|Windows Phone 8.Build.0 = Debug|Any CPU
		{145FAFFF-6460-4AC2-8F2B-4A62C08A97F4}.Debug|Windows-AnyCPU.ActiveCfg = Debug|Any CPU
		{145FAFFF-6460-4AC2-8F2B-4A62C08A97F4}.Debug|Windows-AnyCPU.Build.0 = Debug|Any CPU
		{145FAFFF-6460-4AC2-8F2B-4A62C08A97F4}.Debug|Windows-ARM.ActiveCfg = Debug|Any CPU
		{145FAFFF-6460-4AC2-8F2B-4A62C08A97F4}.Debug|Windows-ARM.Build.0 = Debug|Any CPU
		{145FAFFF-6460-4AC2-8F2B-4A62C08A97F4}.Debug|Windows-x64.ActiveCfg = Debug|Any CPU
		{145FAFFF-6460-4AC2-8F2B-4A62C08A97F4}.Debug|Windows-x64.Build.0 = Debug|Any CPU
		{145FAFFF-6460-4AC2-8F2B-4A62C08A97F4}.Debug|Windows-x86.ActiveCfg = Debug|Any CPU
		{145FAFFF-6460-4AC2-8F2B-4A62C08A97F4}.Debug|Windows-x86.Build.0 = Debug|Any CPU
		{145FAFFF-6460-4AC2-8F2B-4A62C08A97F4}.Release|Android.ActiveCfg = Release|Any CPU
		{145FAFFF-6460-4AC2-8F2B-4A62C08A97F4}.Release|Android.Build.0 = Release|Any CPU
		{145FAFFF-6460-4AC2-8F2B-4A62C08A97F4}.Release|Any CPU.ActiveCfg = Release|Any CPU
		{145FAFFF-6460-4AC2-8F2B-4A62C08A97F4}.Release|Any CPU.Build.0 = Release|Any CPU
		{145FAFFF-6460-4AC2-8F2B-4A62C08A97F4}.Release|iOS.ActiveCfg = Release|Any CPU
		{145FAFFF-6460-4AC2-8F2B-4A62C08A97F4}.Release|iOS.Build.0 = Release|Any CPU
		{145FAFFF-6460-4AC2-8F2B-4A62C08A97F4}.Release|Windows Phone (Universal).ActiveCfg = Release|Any CPU
		{145FAFFF-6460-4AC2-8F2B-4A62C08A97F4}.Release|Windows Phone (Universal).Build.0 = Release|Any CPU
		{145FAFFF-6460-4AC2-8F2B-4A62C08A97F4}.Release|Windows Phone 8.ActiveCfg = Release|Any CPU
		{145FAFFF-6460-4AC2-8F2B-4A62C08A97F4}.Release|Windows Phone 8.Build.0 = Release|Any CPU
		{145FAFFF-6460-4AC2-8F2B-4A62C08A97F4}.Release|Windows-AnyCPU.ActiveCfg = Release|Any CPU
		{145FAFFF-6460-4AC2-8F2B-4A62C08A97F4}.Release|Windows-AnyCPU.Build.0 = Release|Any CPU
		{145FAFFF-6460-4AC2-8F2B-4A62C08A97F4}.Release|Windows-ARM.ActiveCfg = Release|Any CPU
		{145FAFFF-6460-4AC2-8F2B-4A62C08A97F4}.Release|Windows-ARM.Build.0 = Release|Any CPU
		{145FAFFF-6460-4AC2-8F2B-4A62C08A97F4}.Release|Windows-x64.ActiveCfg = Release|Any CPU
		{145FAFFF-6460-4AC2-8F2B-4A62C08A97F4}.Release|Windows-x64.Build.0 = Release|Any CPU
		{145FAFFF-6460-4AC2-8F2B-4A62C08A97F4}.Release|Windows-x86.ActiveCfg = Release|Any CPU
		{145FAFFF-6460-4AC2-8F2B-4A62C08A97F4}.Release|Windows-x86.Build.0 = Release|Any CPU
		{54FC8555-1ABE-45EE-988A-74B73B6F0BFA}.Debug|Android.ActiveCfg = Debug|Any CPU
		{54FC8555-1ABE-45EE-988A-74B73B6F0BFA}.Debug|Android.Build.0 = Debug|Any CPU
		{54FC8555-1ABE-45EE-988A-74B73B6F0BFA}.Debug|Any CPU.ActiveCfg = Debug|Any CPU
		{54FC8555-1ABE-45EE-988A-74B73B6F0BFA}.Debug|Any CPU.Build.0 = Debug|Any CPU
		{54FC8555-1ABE-45EE-988A-74B73B6F0BFA}.Debug|iOS.ActiveCfg = Debug|Any CPU
		{54FC8555-1ABE-45EE-988A-74B73B6F0BFA}.Debug|iOS.Build.0 = Debug|Any CPU
		{54FC8555-1ABE-45EE-988A-74B73B6F0BFA}.Debug|Windows Phone (Universal).ActiveCfg = Debug|Any CPU
		{54FC8555-1ABE-45EE-988A-74B73B6F0BFA}.Debug|Windows Phone (Universal).Build.0 = Debug|Any CPU
		{54FC8555-1ABE-45EE-988A-74B73B6F0BFA}.Debug|Windows Phone 8.ActiveCfg = Debug|Any CPU
		{54FC8555-1ABE-45EE-988A-74B73B6F0BFA}.Debug|Windows Phone 8.Build.0 = Debug|Any CPU
		{54FC8555-1ABE-45EE-988A-74B73B6F0BFA}.Debug|Windows-AnyCPU.ActiveCfg = Debug|Any CPU
		{54FC8555-1ABE-45EE-988A-74B73B6F0BFA}.Debug|Windows-AnyCPU.Build.0 = Debug|Any CPU
		{54FC8555-1ABE-45EE-988A-74B73B6F0BFA}.Debug|Windows-ARM.ActiveCfg = Debug|Any CPU
		{54FC8555-1ABE-45EE-988A-74B73B6F0BFA}.Debug|Windows-ARM.Build.0 = Debug|Any CPU
		{54FC8555-1ABE-45EE-988A-74B73B6F0BFA}.Debug|Windows-x64.ActiveCfg = Debug|Any CPU
		{54FC8555-1ABE-45EE-988A-74B73B6F0BFA}.Debug|Windows-x64.Build.0 = Debug|Any CPU
		{54FC8555-1ABE-45EE-988A-74B73B6F0BFA}.Debug|Windows-x86.ActiveCfg = Debug|Any CPU
		{54FC8555-1ABE-45EE-988A-74B73B6F0BFA}.Debug|Windows-x86.Build.0 = Debug|Any CPU
		{54FC8555-1ABE-45EE-988A-74B73B6F0BFA}.Release|Android.ActiveCfg = Release|Any CPU
		{54FC8555-1ABE-45EE-988A-74B73B6F0BFA}.Release|Android.Build.0 = Release|Any CPU
		{54FC8555-1ABE-45EE-988A-74B73B6F0BFA}.Release|Any CPU.ActiveCfg = Release|Any CPU
		{54FC8555-1ABE-45EE-988A-74B73B6F0BFA}.Release|Any CPU.Build.0 = Release|Any CPU
		{54FC8555-1ABE-45EE-988A-74B73B6F0BFA}.Release|iOS.ActiveCfg = Release|Any CPU
		{54FC8555-1ABE-45EE-988A-74B73B6F0BFA}.Release|iOS.Build.0 = Release|Any CPU
		{54FC8555-1ABE-45EE-988A-74B73B6F0BFA}.Release|Windows Phone (Universal).ActiveCfg = Release|Any CPU
		{54FC8555-1ABE-45EE-988A-74B73B6F0BFA}.Release|Windows Phone (Universal).Build.0 = Release|Any CPU
		{54FC8555-1ABE-45EE-988A-74B73B6F0BFA}.Release|Windows Phone 8.ActiveCfg = Release|Any CPU
		{54FC8555-1ABE-45EE-988A-74B73B6F0BFA}.Release|Windows Phone 8.Build.0 = Release|Any CPU
		{54FC8555-1ABE-45EE-988A-74B73B6F0BFA}.Release|Windows-AnyCPU.ActiveCfg = Release|Any CPU
		{54FC8555-1ABE-45EE-988A-74B73B6F0BFA}.Release|Windows-AnyCPU.Build.0 = Release|Any CPU
		{54FC8555-1ABE-45EE-988A-74B73B6F0BFA}.Release|Windows-ARM.ActiveCfg = Release|Any CPU
		{54FC8555-1ABE-45EE-988A-74B73B6F0BFA}.Release|Windows-ARM.Build.0 = Release|Any CPU
		{54FC8555-1ABE-45EE-988A-74B73B6F0BFA}.Release|Windows-x64.ActiveCfg = Release|Any CPU
		{54FC8555-1ABE-45EE-988A-74B73B6F0BFA}.Release|Windows-x64.Build.0 = Release|Any CPU
		{54FC8555-1ABE-45EE-988A-74B73B6F0BFA}.Release|Windows-x86.ActiveCfg = Release|Any CPU
		{54FC8555-1ABE-45EE-988A-74B73B6F0BFA}.Release|Windows-x86.Build.0 = Release|Any CPU
		{0C45DC59-990C-4AB7-A1BD-9AAB80B2939A}.Debug|Android.ActiveCfg = Debug|Any CPU
		{0C45DC59-990C-4AB7-A1BD-9AAB80B2939A}.Debug|Android.Build.0 = Debug|Any CPU
		{0C45DC59-990C-4AB7-A1BD-9AAB80B2939A}.Debug|Any CPU.ActiveCfg = Debug|Any CPU
		{0C45DC59-990C-4AB7-A1BD-9AAB80B2939A}.Debug|Any CPU.Build.0 = Debug|Any CPU
		{0C45DC59-990C-4AB7-A1BD-9AAB80B2939A}.Debug|iOS.ActiveCfg = Debug|Any CPU
		{0C45DC59-990C-4AB7-A1BD-9AAB80B2939A}.Debug|iOS.Build.0 = Debug|Any CPU
		{0C45DC59-990C-4AB7-A1BD-9AAB80B2939A}.Debug|Windows Phone (Universal).ActiveCfg = Debug|Any CPU
		{0C45DC59-990C-4AB7-A1BD-9AAB80B2939A}.Debug|Windows Phone (Universal).Build.0 = Debug|Any CPU
		{0C45DC59-990C-4AB7-A1BD-9AAB80B2939A}.Debug|Windows Phone 8.ActiveCfg = Debug|Any CPU
		{0C45DC59-990C-4AB7-A1BD-9AAB80B2939A}.Debug|Windows Phone 8.Build.0 = Debug|Any CPU
		{0C45DC59-990C-4AB7-A1BD-9AAB80B2939A}.Debug|Windows-AnyCPU.ActiveCfg = Debug|Any CPU
		{0C45DC59-990C-4AB7-A1BD-9AAB80B2939A}.Debug|Windows-AnyCPU.Build.0 = Debug|Any CPU
		{0C45DC59-990C-4AB7-A1BD-9AAB80B2939A}.Debug|Windows-ARM.ActiveCfg = Debug|Any CPU
		{0C45DC59-990C-4AB7-A1BD-9AAB80B2939A}.Debug|Windows-ARM.Build.0 = Debug|Any CPU
		{0C45DC59-990C-4AB7-A1BD-9AAB80B2939A}.Debug|Windows-x64.ActiveCfg = Debug|Any CPU
		{0C45DC59-990C-4AB7-A1BD-9AAB80B2939A}.Debug|Windows-x64.Build.0 = Debug|Any CPU
		{0C45DC59-990C-4AB7-A1BD-9AAB80B2939A}.Debug|Windows-x86.ActiveCfg = Debug|Any CPU
		{0C45DC59-990C-4AB7-A1BD-9AAB80B2939A}.Debug|Windows-x86.Build.0 = Debug|Any CPU
		{0C45DC59-990C-4AB7-A1BD-9AAB80B2939A}.Release|Android.ActiveCfg = Release|Any CPU
		{0C45DC59-990C-4AB7-A1BD-9AAB80B2939A}.Release|Android.Build.0 = Release|Any CPU
		{0C45DC59-990C-4AB7-A1BD-9AAB80B2939A}.Release|Any CPU.ActiveCfg = Release|Any CPU
		{0C45DC59-990C-4AB7-A1BD-9AAB80B2939A}.Release|Any CPU.Build.0 = Release|Any CPU
		{0C45DC59-990C-4AB7-A1BD-9AAB80B2939A}.Release|iOS.ActiveCfg = Release|Any CPU
		{0C45DC59-990C-4AB7-A1BD-9AAB80B2939A}.Release|iOS.Build.0 = Release|Any CPU
		{0C45DC59-990C-4AB7-A1BD-9AAB80B2939A}.Release|Windows Phone (Universal).ActiveCfg = Release|Any CPU
		{0C45DC59-990C-4AB7-A1BD-9AAB80B2939A}.Release|Windows Phone (Universal).Build.0 = Release|Any CPU
		{0C45DC59-990C-4AB7-A1BD-9AAB80B2939A}.Release|Windows Phone 8.ActiveCfg = Release|Any CPU
		{0C45DC59-990C-4AB7-A1BD-9AAB80B2939A}.Release|Windows Phone 8.Build.0 = Release|Any CPU
		{0C45DC59-990C-4AB7-A1BD-9AAB80B2939A}.Release|Windows-AnyCPU.ActiveCfg = Release|Any CPU
		{0C45DC59-990C-4AB7-A1BD-9AAB80B2939A}.Release|Windows-AnyCPU.Build.0 = Release|Any CPU
		{0C45DC59-990C-4AB7-A1BD-9AAB80B2939A}.Release|Windows-ARM.ActiveCfg = Release|Any CPU
		{0C45DC59-990C-4AB7-A1BD-9AAB80B2939A}.Release|Windows-ARM.Build.0 = Release|Any CPU
		{0C45DC59-990C-4AB7-A1BD-9AAB80B2939A}.Release|Windows-x64.ActiveCfg = Release|Any CPU
		{0C45DC59-990C-4AB7-A1BD-9AAB80B2939A}.Release|Windows-x64.Build.0 = Release|Any CPU
		{0C45DC59-990C-4AB7-A1BD-9AAB80B2939A}.Release|Windows-x86.ActiveCfg = Release|Any CPU
		{0C45DC59-990C-4AB7-A1BD-9AAB80B2939A}.Release|Windows-x86.Build.0 = Release|Any CPU
		{68124864-4C3A-4C2A-9FB1-BF4EA3B8362D}.Debug|Android.ActiveCfg = Debug|Any CPU
		{68124864-4C3A-4C2A-9FB1-BF4EA3B8362D}.Debug|Android.Build.0 = Debug|Any CPU
		{68124864-4C3A-4C2A-9FB1-BF4EA3B8362D}.Debug|Any CPU.ActiveCfg = Debug|Any CPU
		{68124864-4C3A-4C2A-9FB1-BF4EA3B8362D}.Debug|Any CPU.Build.0 = Debug|Any CPU
		{68124864-4C3A-4C2A-9FB1-BF4EA3B8362D}.Debug|iOS.ActiveCfg = Debug|Any CPU
		{68124864-4C3A-4C2A-9FB1-BF4EA3B8362D}.Debug|iOS.Build.0 = Debug|Any CPU
		{68124864-4C3A-4C2A-9FB1-BF4EA3B8362D}.Debug|Windows Phone (Universal).ActiveCfg = Debug|Any CPU
		{68124864-4C3A-4C2A-9FB1-BF4EA3B8362D}.Debug|Windows Phone (Universal).Build.0 = Debug|Any CPU
		{68124864-4C3A-4C2A-9FB1-BF4EA3B8362D}.Debug|Windows Phone 8.ActiveCfg = Debug|Any CPU
		{68124864-4C3A-4C2A-9FB1-BF4EA3B8362D}.Debug|Windows Phone 8.Build.0 = Debug|Any CPU
		{68124864-4C3A-4C2A-9FB1-BF4EA3B8362D}.Debug|Windows-AnyCPU.ActiveCfg = Debug|Any CPU
		{68124864-4C3A-4C2A-9FB1-BF4EA3B8362D}.Debug|Windows-AnyCPU.Build.0 = Debug|Any CPU
		{68124864-4C3A-4C2A-9FB1-BF4EA3B8362D}.Debug|Windows-ARM.ActiveCfg = Debug|Any CPU
		{68124864-4C3A-4C2A-9FB1-BF4EA3B8362D}.Debug|Windows-ARM.Build.0 = Debug|Any CPU
		{68124864-4C3A-4C2A-9FB1-BF4EA3B8362D}.Debug|Windows-x64.ActiveCfg = Debug|Any CPU
		{68124864-4C3A-4C2A-9FB1-BF4EA3B8362D}.Debug|Windows-x64.Build.0 = Debug|Any CPU
		{68124864-4C3A-4C2A-9FB1-BF4EA3B8362D}.Debug|Windows-x86.ActiveCfg = Debug|Any CPU
		{68124864-4C3A-4C2A-9FB1-BF4EA3B8362D}.Debug|Windows-x86.Build.0 = Debug|Any CPU
		{68124864-4C3A-4C2A-9FB1-BF4EA3B8362D}.Release|Android.ActiveCfg = Release|Any CPU
		{68124864-4C3A-4C2A-9FB1-BF4EA3B8362D}.Release|Android.Build.0 = Release|Any CPU
		{68124864-4C3A-4C2A-9FB1-BF4EA3B8362D}.Release|Any CPU.ActiveCfg = Release|Any CPU
		{68124864-4C3A-4C2A-9FB1-BF4EA3B8362D}.Release|Any CPU.Build.0 = Release|Any CPU
		{68124864-4C3A-4C2A-9FB1-BF4EA3B8362D}.Release|iOS.ActiveCfg = Release|Any CPU
		{68124864-4C3A-4C2A-9FB1-BF4EA3B8362D}.Release|iOS.Build.0 = Release|Any CPU
		{68124864-4C3A-4C2A-9FB1-BF4EA3B8362D}.Release|Windows Phone (Universal).ActiveCfg = Release|Any CPU
		{68124864-4C3A-4C2A-9FB1-BF4EA3B8362D}.Release|Windows Phone (Universal).Build.0 = Release|Any CPU
		{68124864-4C3A-4C2A-9FB1-BF4EA3B8362D}.Release|Windows Phone 8.ActiveCfg = Release|Any CPU
		{68124864-4C3A-4C2A-9FB1-BF4EA3B8362D}.Release|Windows Phone 8.Build.0 = Release|Any CPU
		{68124864-4C3A-4C2A-9FB1-BF4EA3B8362D}.Release|Windows-AnyCPU.ActiveCfg = Release|Any CPU
		{68124864-4C3A-4C2A-9FB1-BF4EA3B8362D}.Release|Windows-AnyCPU.Build.0 = Release|Any CPU
		{68124864-4C3A-4C2A-9FB1-BF4EA3B8362D}.Release|Windows-ARM.ActiveCfg = Release|Any CPU
		{68124864-4C3A-4C2A-9FB1-BF4EA3B8362D}.Release|Windows-ARM.Build.0 = Release|Any CPU
		{68124864-4C3A-4C2A-9FB1-BF4EA3B8362D}.Release|Windows-x64.ActiveCfg = Release|Any CPU
		{68124864-4C3A-4C2A-9FB1-BF4EA3B8362D}.Release|Windows-x64.Build.0 = Release|Any CPU
		{68124864-4C3A-4C2A-9FB1-BF4EA3B8362D}.Release|Windows-x86.ActiveCfg = Release|Any CPU
		{68124864-4C3A-4C2A-9FB1-BF4EA3B8362D}.Release|Windows-x86.Build.0 = Release|Any CPU
		{126D4324-2B1E-4777-AA1A-43B20FA22651}.Debug|Android.ActiveCfg = Debug|Any CPU
		{126D4324-2B1E-4777-AA1A-43B20FA22651}.Debug|Android.Build.0 = Debug|Any CPU
		{126D4324-2B1E-4777-AA1A-43B20FA22651}.Debug|Any CPU.ActiveCfg = Debug|Any CPU
		{126D4324-2B1E-4777-AA1A-43B20FA22651}.Debug|Any CPU.Build.0 = Debug|Any CPU
		{126D4324-2B1E-4777-AA1A-43B20FA22651}.Debug|iOS.ActiveCfg = Debug|Any CPU
		{126D4324-2B1E-4777-AA1A-43B20FA22651}.Debug|iOS.Build.0 = Debug|Any CPU
		{126D4324-2B1E-4777-AA1A-43B20FA22651}.Debug|Windows Phone (Universal).ActiveCfg = Debug|Any CPU
		{126D4324-2B1E-4777-AA1A-43B20FA22651}.Debug|Windows Phone (Universal).Build.0 = Debug|Any CPU
		{126D4324-2B1E-4777-AA1A-43B20FA22651}.Debug|Windows Phone 8.ActiveCfg = Debug|Any CPU
		{126D4324-2B1E-4777-AA1A-43B20FA22651}.Debug|Windows Phone 8.Build.0 = Debug|Any CPU
		{126D4324-2B1E-4777-AA1A-43B20FA22651}.Debug|Windows-AnyCPU.ActiveCfg = Debug|Any CPU
		{126D4324-2B1E-4777-AA1A-43B20FA22651}.Debug|Windows-AnyCPU.Build.0 = Debug|Any CPU
		{126D4324-2B1E-4777-AA1A-43B20FA22651}.Debug|Windows-ARM.ActiveCfg = Debug|Any CPU
		{126D4324-2B1E-4777-AA1A-43B20FA22651}.Debug|Windows-ARM.Build.0 = Debug|Any CPU
		{126D4324-2B1E-4777-AA1A-43B20FA22651}.Debug|Windows-x64.ActiveCfg = Debug|Any CPU
		{126D4324-2B1E-4777-AA1A-43B20FA22651}.Debug|Windows-x64.Build.0 = Debug|Any CPU
		{126D4324-2B1E-4777-AA1A-43B20FA22651}.Debug|Windows-x86.ActiveCfg = Debug|Any CPU
		{126D4324-2B1E-4777-AA1A-43B20FA22651}.Debug|Windows-x86.Build.0 = Debug|Any CPU
		{126D4324-2B1E-4777-AA1A-43B20FA22651}.Release|Android.ActiveCfg = Release|Any CPU
		{126D4324-2B1E-4777-AA1A-43B20FA22651}.Release|Android.Build.0 = Release|Any CPU
		{126D4324-2B1E-4777-AA1A-43B20FA22651}.Release|Any CPU.ActiveCfg = Release|Any CPU
		{126D4324-2B1E-4777-AA1A-43B20FA22651}.Release|Any CPU.Build.0 = Release|Any CPU
		{126D4324-2B1E-4777-AA1A-43B20FA22651}.Release|iOS.ActiveCfg = Release|Any CPU
		{126D4324-2B1E-4777-AA1A-43B20FA22651}.Release|iOS.Build.0 = Release|Any CPU
		{126D4324-2B1E-4777-AA1A-43B20FA22651}.Release|Windows Phone (Universal).ActiveCfg = Release|Any CPU
		{126D4324-2B1E-4777-AA1A-43B20FA22651}.Release|Windows Phone (Universal).Build.0 = Release|Any CPU
		{126D4324-2B1E-4777-AA1A-43B20FA22651}.Release|Windows Phone 8.ActiveCfg = Release|Any CPU
		{126D4324-2B1E-4777-AA1A-43B20FA22651}.Release|Windows Phone 8.Build.0 = Release|Any CPU
		{126D4324-2B1E-4777-AA1A-43B20FA22651}.Release|Windows-AnyCPU.ActiveCfg = Release|Any CPU
		{126D4324-2B1E-4777-AA1A-43B20FA22651}.Release|Windows-AnyCPU.Build.0 = Release|Any CPU
		{126D4324-2B1E-4777-AA1A-43B20FA22651}.Release|Windows-ARM.ActiveCfg = Release|Any CPU
		{126D4324-2B1E-4777-AA1A-43B20FA22651}.Release|Windows-ARM.Build.0 = Release|Any CPU
		{126D4324-2B1E-4777-AA1A-43B20FA22651}.Release|Windows-x64.ActiveCfg = Release|Any CPU
		{126D4324-2B1E-4777-AA1A-43B20FA22651}.Release|Windows-x64.Build.0 = Release|Any CPU
		{126D4324-2B1E-4777-AA1A-43B20FA22651}.Release|Windows-x86.ActiveCfg = Release|Any CPU
		{126D4324-2B1E-4777-AA1A-43B20FA22651}.Release|Windows-x86.Build.0 = Release|Any CPU
		{B84C82A1-EB9D-46F4-8172-FF5E809922A7}.Debug|Android.ActiveCfg = Debug|Any CPU
		{B84C82A1-EB9D-46F4-8172-FF5E809922A7}.Debug|Android.Build.0 = Debug|Any CPU
		{B84C82A1-EB9D-46F4-8172-FF5E809922A7}.Debug|Any CPU.ActiveCfg = Debug|Any CPU
		{B84C82A1-EB9D-46F4-8172-FF5E809922A7}.Debug|Any CPU.Build.0 = Debug|Any CPU
		{B84C82A1-EB9D-46F4-8172-FF5E809922A7}.Debug|iOS.ActiveCfg = Debug|Any CPU
		{B84C82A1-EB9D-46F4-8172-FF5E809922A7}.Debug|iOS.Build.0 = Debug|Any CPU
		{B84C82A1-EB9D-46F4-8172-FF5E809922A7}.Debug|Windows Phone (Universal).ActiveCfg = Debug|Any CPU
		{B84C82A1-EB9D-46F4-8172-FF5E809922A7}.Debug|Windows Phone (Universal).Build.0 = Debug|Any CPU
		{B84C82A1-EB9D-46F4-8172-FF5E809922A7}.Debug|Windows Phone 8.ActiveCfg = Debug|Any CPU
		{B84C82A1-EB9D-46F4-8172-FF5E809922A7}.Debug|Windows Phone 8.Build.0 = Debug|Any CPU
		{B84C82A1-EB9D-46F4-8172-FF5E809922A7}.Debug|Windows-AnyCPU.ActiveCfg = Debug|Any CPU
		{B84C82A1-EB9D-46F4-8172-FF5E809922A7}.Debug|Windows-AnyCPU.Build.0 = Debug|Any CPU
		{B84C82A1-EB9D-46F4-8172-FF5E809922A7}.Debug|Windows-ARM.ActiveCfg = Debug|Any CPU
		{B84C82A1-EB9D-46F4-8172-FF5E809922A7}.Debug|Windows-ARM.Build.0 = Debug|Any CPU
		{B84C82A1-EB9D-46F4-8172-FF5E809922A7}.Debug|Windows-x64.ActiveCfg = Debug|Any CPU
		{B84C82A1-EB9D-46F4-8172-FF5E809922A7}.Debug|Windows-x64.Build.0 = Debug|Any CPU
		{B84C82A1-EB9D-46F4-8172-FF5E809922A7}.Debug|Windows-x86.ActiveCfg = Debug|Any CPU
		{B84C82A1-EB9D-46F4-8172-FF5E809922A7}.Debug|Windows-x86.Build.0 = Debug|Any CPU
		{B84C82A1-EB9D-46F4-8172-FF5E809922A7}.Release|Android.ActiveCfg = Release|Any CPU
		{B84C82A1-EB9D-46F4-8172-FF5E809922A7}.Release|Android.Build.0 = Release|Any CPU
		{B84C82A1-EB9D-46F4-8172-FF5E809922A7}.Release|Any CPU.ActiveCfg = Release|Any CPU
		{B84C82A1-EB9D-46F4-8172-FF5E809922A7}.Release|Any CPU.Build.0 = Release|Any CPU
		{B84C82A1-EB9D-46F4-8172-FF5E809922A7}.Release|iOS.ActiveCfg = Release|Any CPU
		{B84C82A1-EB9D-46F4-8172-FF5E809922A7}.Release|iOS.Build.0 = Release|Any CPU
		{B84C82A1-EB9D-46F4-8172-FF5E809922A7}.Release|Windows Phone (Universal).ActiveCfg = Release|Any CPU
		{B84C82A1-EB9D-46F4-8172-FF5E809922A7}.Release|Windows Phone (Universal).Build.0 = Release|Any CPU
		{B84C82A1-EB9D-46F4-8172-FF5E809922A7}.Release|Windows Phone 8.ActiveCfg = Release|Any CPU
		{B84C82A1-EB9D-46F4-8172-FF5E809922A7}.Release|Windows Phone 8.Build.0 = Release|Any CPU
		{B84C82A1-EB9D-46F4-8172-FF5E809922A7}.Release|Windows-AnyCPU.ActiveCfg = Release|Any CPU
		{B84C82A1-EB9D-46F4-8172-FF5E809922A7}.Release|Windows-AnyCPU.Build.0 = Release|Any CPU
		{B84C82A1-EB9D-46F4-8172-FF5E809922A7}.Release|Windows-ARM.ActiveCfg = Release|Any CPU
		{B84C82A1-EB9D-46F4-8172-FF5E809922A7}.Release|Windows-ARM.Build.0 = Release|Any CPU
		{B84C82A1-EB9D-46F4-8172-FF5E809922A7}.Release|Windows-x64.ActiveCfg = Release|Any CPU
		{B84C82A1-EB9D-46F4-8172-FF5E809922A7}.Release|Windows-x64.Build.0 = Release|Any CPU
		{B84C82A1-EB9D-46F4-8172-FF5E809922A7}.Release|Windows-x86.ActiveCfg = Release|Any CPU
		{B84C82A1-EB9D-46F4-8172-FF5E809922A7}.Release|Windows-x86.Build.0 = Release|Any CPU
	EndGlobalSection
	GlobalSection(SolutionProperties) = preSolution
		HideSolutionNode = FALSE
	EndGlobalSection
EndGlobal
